// !$*UTF8*$!
{
	archiveVersion = 1;
	classes = {
	};
	objectVersion = 46;
	objects = {

/* Begin PBXBuildFile section */
		B81AF4421C32BD99001C6932 /* AppDelegate.swift in Sources */ = {isa = PBXBuildFile; fileRef = B81AF4411C32BD99001C6932 /* AppDelegate.swift */; };
		B81AF4441C32BD99001C6932 /* ViewController.swift in Sources */ = {isa = PBXBuildFile; fileRef = B81AF4431C32BD99001C6932 /* ViewController.swift */; };
		B81AF4471C32BD9A001C6932 /* Main.storyboard in Resources */ = {isa = PBXBuildFile; fileRef = B81AF4451C32BD9A001C6932 /* Main.storyboard */; };
		B81AF4491C32BD9A001C6932 /* Assets.xcassets in Resources */ = {isa = PBXBuildFile; fileRef = B81AF4481C32BD9A001C6932 /* Assets.xcassets */; };
		B81AF44C1C32BD9A001C6932 /* LaunchScreen.storyboard in Resources */ = {isa = PBXBuildFile; fileRef = B81AF44A1C32BD9A001C6932 /* LaunchScreen.storyboard */; };
		B81AF45C1C32F1C3001C6932 /* Podfile in Resources */ = {isa = PBXBuildFile; fileRef = B81AF45B1C32F1C3001C6932 /* Podfile */; };
		B81D26601C626B3F008883D1 /* YouTubeChannelControllerTests.swift in Sources */ = {isa = PBXBuildFile; fileRef = B81D265F1C626B3F008883D1 /* YouTubeChannelControllerTests.swift */; };
		B81D26681C62724A008883D1 /* YouTubeUITests.swift in Sources */ = {isa = PBXBuildFile; fileRef = B81D26671C62724A008883D1 /* YouTubeUITests.swift */; };
		B81E22AE1C590B7300A5237D /* BrowseViewController.swift in Sources */ = {isa = PBXBuildFile; fileRef = B81E22AD1C590B7300A5237D /* BrowseViewController.swift */; };
		B81E22B11C590BEF00A5237D /* ChannelViewController.swift in Sources */ = {isa = PBXBuildFile; fileRef = B81E22B01C590BEF00A5237D /* ChannelViewController.swift */; };
		B81E22B31C590F3F00A5237D /* BrowseTopView.swift in Sources */ = {isa = PBXBuildFile; fileRef = B81E22B21C590F3F00A5237D /* BrowseTopView.swift */; };
		B81FE6541C3D3DF600DAF1B8 /* VideoView.swift in Sources */ = {isa = PBXBuildFile; fileRef = B81FE6531C3D3DF600DAF1B8 /* VideoView.swift */; };
		B81FE6561C3D404F00DAF1B8 /* Slider.swift in Sources */ = {isa = PBXBuildFile; fileRef = B81FE6551C3D404F00DAF1B8 /* Slider.swift */; };
		B81FE6581C3D451600DAF1B8 /* ProgressBar.swift in Sources */ = {isa = PBXBuildFile; fileRef = B81FE6571C3D451600DAF1B8 /* ProgressBar.swift */; };
		B81FE65A1C3D74CE00DAF1B8 /* ControlView.swift in Sources */ = {isa = PBXBuildFile; fileRef = B81FE6591C3D74CE00DAF1B8 /* ControlView.swift */; };
		B82260A91C512F68009D980E /* ImageDownloader.swift in Sources */ = {isa = PBXBuildFile; fileRef = B82260A81C512F68009D980E /* ImageDownloader.swift */; };
		B823FBA01C3FF1D500A2B12F /* DescriptionController.swift in Sources */ = {isa = PBXBuildFile; fileRef = B823FB9F1C3FF1D500A2B12F /* DescriptionController.swift */; };
		B829D2291C38352000C72547 /* SpringyFlowLayout.swift in Sources */ = {isa = PBXBuildFile; fileRef = B829D2281C38352000C72547 /* SpringyFlowLayout.swift */; };
		B82BF9EE1C5D2DD70065A3D5 /* ChannelsViewController.swift in Sources */ = {isa = PBXBuildFile; fileRef = B82BF9ED1C5D2DD70065A3D5 /* ChannelsViewController.swift */; };
		B82C17391C63B511003582B6 /* SubscribeModel.swift in Sources */ = {isa = PBXBuildFile; fileRef = B82C17381C63B511003582B6 /* SubscribeModel.swift */; };
		B82C23921C53DC0B008F0B9D /* User.swift in Sources */ = {isa = PBXBuildFile; fileRef = B82C23911C53DC0B008F0B9D /* User.swift */; };
		B82C23961C53FCB2008F0B9D /* YouTubeClient.swift in Sources */ = {isa = PBXBuildFile; fileRef = B82C23951C53FCB2008F0B9D /* YouTubeClient.swift */; };
		B8302A6A1C5FAE32004EDEAE /* Favorites+CoreDataProperties.swift in Sources */ = {isa = PBXBuildFile; fileRef = B8302A691C5FAE32004EDEAE /* Favorites+CoreDataProperties.swift */; };
		B8302A6C1C5FAE91004EDEAE /* Favorites.swift in Sources */ = {isa = PBXBuildFile; fileRef = B8302A6B1C5FAE91004EDEAE /* Favorites.swift */; };
		B8302A6F1C5FC712004EDEAE /* FavoritesController.swift in Sources */ = {isa = PBXBuildFile; fileRef = B8302A6E1C5FC712004EDEAE /* FavoritesController.swift */; };
		B8302A741C5FDDD9004EDEAE /* FinderController.swift in Sources */ = {isa = PBXBuildFile; fileRef = B8302A731C5FDDD9004EDEAE /* FinderController.swift */; };
		B83715E51C4267A500235D42 /* SmallVideoCell.swift in Sources */ = {isa = PBXBuildFile; fileRef = B83715E41C4267A500235D42 /* SmallVideoCell.swift */; };
		B83715E71C42927300235D42 /* TitleView.swift in Sources */ = {isa = PBXBuildFile; fileRef = B83715E61C42927300235D42 /* TitleView.swift */; };
		B8373EFC1C5E774700624435 /* VideoNavigationController.swift in Sources */ = {isa = PBXBuildFile; fileRef = B8373EFB1C5E774600624435 /* VideoNavigationController.swift */; };
		B83EB8CF1C569E7D00660BE2 /* SubscriptionsController.swift in Sources */ = {isa = PBXBuildFile; fileRef = B83EB8CE1C569E7D00660BE2 /* SubscriptionsController.swift */; };
		B84338FE1C5785BF004AC5E9 /* SubscriptionsCell.swift in Sources */ = {isa = PBXBuildFile; fileRef = B84338FD1C5785BF004AC5E9 /* SubscriptionsCell.swift */; };
		B84405641C55376D007C4756 /* GoogleService-Info.plist in Resources */ = {isa = PBXBuildFile; fileRef = B84405631C55376D007C4756 /* GoogleService-Info.plist */; };
		B84405661C553D37007C4756 /* SubscriptionsProvider.swift in Sources */ = {isa = PBXBuildFile; fileRef = B84405651C553D37007C4756 /* SubscriptionsProvider.swift */; };
		B8499F4B1C3AEB27003A907E /* Youtube.xcdatamodeld in Sources */ = {isa = PBXBuildFile; fileRef = B8499F491C3AEB27003A907E /* Youtube.xcdatamodeld */; };
		B8499F4E1C3AEC0C003A907E /* DataHelper.swift in Sources */ = {isa = PBXBuildFile; fileRef = B8499F4D1C3AEC0C003A907E /* DataHelper.swift */; };
		B8499F551C3AF806003A907E /* VideoController.swift in Sources */ = {isa = PBXBuildFile; fileRef = B8499F541C3AF806003A907E /* VideoController.swift */; };
		B84C44721C5A6EFF00163436 /* ChannelProvider.swift in Sources */ = {isa = PBXBuildFile; fileRef = B84C44711C5A6EFE00163436 /* ChannelProvider.swift */; };
		B85F7A611C415C9000345109 /* VideoViewController.swift in Sources */ = {isa = PBXBuildFile; fileRef = B85F7A601C415C8F00345109 /* VideoViewController.swift */; };
		B85F7A651C415F2B00345109 /* SuggestedVideosController.swift in Sources */ = {isa = PBXBuildFile; fileRef = B85F7A641C415F2B00345109 /* SuggestedVideosController.swift */; };
		B85F7A671C415F5300345109 /* SuggestedVideosProvider.swift in Sources */ = {isa = PBXBuildFile; fileRef = B85F7A661C415F5300345109 /* SuggestedVideosProvider.swift */; };
		B85F7A691C417FAA00345109 /* BottomProgress.swift in Sources */ = {isa = PBXBuildFile; fileRef = B85F7A681C417FAA00345109 /* BottomProgress.swift */; };
		B85FD3781C6661F000FA7F4C /* RatingView.swift in Sources */ = {isa = PBXBuildFile; fileRef = B85FD3771C6661F000FA7F4C /* RatingView.swift */; };
		B85FD37A1C666D6400FA7F4C /* RatingProvider.swift in Sources */ = {isa = PBXBuildFile; fileRef = B85FD3791C666D6400FA7F4C /* RatingProvider.swift */; };
		B86980671C611AC900DE2EFC /* YouTubeQueriesTests.swift in Sources */ = {isa = PBXBuildFile; fileRef = B86980661C611AC900DE2EFC /* YouTubeQueriesTests.swift */; };
		B8722B251C35CFB900E5BBE4 /* ParallaxView.swift in Sources */ = {isa = PBXBuildFile; fileRef = B8722B241C35CFB900E5BBE4 /* ParallaxView.swift */; };
		B87570341C355A0B00256D82 /* ChannelCell.swift in Sources */ = {isa = PBXBuildFile; fileRef = B87570331C355A0B00256D82 /* ChannelCell.swift */; };
		B87570361C355A1F00256D82 /* VideoCell.swift in Sources */ = {isa = PBXBuildFile; fileRef = B87570351C355A1F00256D82 /* VideoCell.swift */; };
		B87570501C3573D200256D82 /* YouTubeTests.swift in Sources */ = {isa = PBXBuildFile; fileRef = B875704F1C3573D200256D82 /* YouTubeTests.swift */; };
		B8891CEC1C3462F4003E906E /* SearchViewController.swift in Sources */ = {isa = PBXBuildFile; fileRef = B8891CEB1C3462F4003E906E /* SearchViewController.swift */; };
		B8891CEE1C346310003E906E /* SearchResultsProvider.swift in Sources */ = {isa = PBXBuildFile; fileRef = B8891CED1C346310003E906E /* SearchResultsProvider.swift */; };
		B89368451C4FF055007072E1 /* Models.swift in Sources */ = {isa = PBXBuildFile; fileRef = B89368441C4FF055007072E1 /* Models.swift */; };
		B8AFCE561C3C484100FAF252 /* VideoPlayerController.swift in Sources */ = {isa = PBXBuildFile; fileRef = B8AFCE551C3C484100FAF252 /* VideoPlayerController.swift */; };
		B8AFCE581C3C5B4700FAF252 /* PlayerView.swift in Sources */ = {isa = PBXBuildFile; fileRef = B8AFCE571C3C5B4700FAF252 /* PlayerView.swift */; };
		B8F4EA421C39948400680820 /* SuggestionsTableViewController.swift in Sources */ = {isa = PBXBuildFile; fileRef = B8F4EA411C39948400680820 /* SuggestionsTableViewController.swift */; };
		B8F4EA441C39991E00680820 /* SuggestionsTableViewCell.swift in Sources */ = {isa = PBXBuildFile; fileRef = B8F4EA431C39991E00680820 /* SuggestionsTableViewCell.swift */; };
		F0556B2C38EC5B726C8FA36E /* Pods.framework in Frameworks */ = {isa = PBXBuildFile; fileRef = 66724B57F6DC9025AACDF8CA /* Pods.framework */; };
/* End PBXBuildFile section */

/* Begin PBXContainerItemProxy section */
		B81D266A1C62724A008883D1 /* PBXContainerItemProxy */ = {
			isa = PBXContainerItemProxy;
			containerPortal = B81AF4361C32BD98001C6932 /* Project object */;
			proxyType = 1;
			remoteGlobalIDString = B81AF43D1C32BD98001C6932;
			remoteInfo = YouTube;
		};
		B87570521C3573D200256D82 /* PBXContainerItemProxy */ = {
			isa = PBXContainerItemProxy;
			containerPortal = B81AF4361C32BD98001C6932 /* Project object */;
			proxyType = 1;
			remoteGlobalIDString = B81AF43D1C32BD98001C6932;
			remoteInfo = YouTube;
		};
/* End PBXContainerItemProxy section */

/* Begin PBXCopyFilesBuildPhase section */
		B8302A661C5FAD2D004EDEAE /* Embed Frameworks */ = {
			isa = PBXCopyFilesBuildPhase;
			buildActionMask = 2147483647;
			dstPath = "";
			dstSubfolderSpec = 10;
			files = (
			);
			name = "Embed Frameworks";
			runOnlyForDeploymentPostprocessing = 0;
		};
/* End PBXCopyFilesBuildPhase section */

/* Begin PBXFileReference section */
		5CE731503E0FE00A50B60484 /* Pods.debug.xcconfig */ = {isa = PBXFileReference; includeInIndex = 1; lastKnownFileType = text.xcconfig; name = Pods.debug.xcconfig; path = "Pods/Target Support Files/Pods/Pods.debug.xcconfig"; sourceTree = "<group>"; };
		66724B57F6DC9025AACDF8CA /* Pods.framework */ = {isa = PBXFileReference; explicitFileType = wrapper.framework; includeInIndex = 0; path = Pods.framework; sourceTree = BUILT_PRODUCTS_DIR; };
		7BD62B7E0B28A66408CE2118 /* Pods.release.xcconfig */ = {isa = PBXFileReference; includeInIndex = 1; lastKnownFileType = text.xcconfig; name = Pods.release.xcconfig; path = "Pods/Target Support Files/Pods/Pods.release.xcconfig"; sourceTree = "<group>"; };
		B81AF43E1C32BD98001C6932 /* YouTube.app */ = {isa = PBXFileReference; explicitFileType = wrapper.application; includeInIndex = 0; path = YouTube.app; sourceTree = BUILT_PRODUCTS_DIR; };
		B81AF4411C32BD99001C6932 /* AppDelegate.swift */ = {isa = PBXFileReference; lastKnownFileType = sourcecode.swift; path = AppDelegate.swift; sourceTree = "<group>"; };
		B81AF4431C32BD99001C6932 /* ViewController.swift */ = {isa = PBXFileReference; lastKnownFileType = sourcecode.swift; path = ViewController.swift; sourceTree = "<group>"; };
		B81AF4461C32BD9A001C6932 /* Base */ = {isa = PBXFileReference; lastKnownFileType = file.storyboard; name = Base; path = Base.lproj/Main.storyboard; sourceTree = "<group>"; };
		B81AF4481C32BD9A001C6932 /* Assets.xcassets */ = {isa = PBXFileReference; lastKnownFileType = folder.assetcatalog; path = Assets.xcassets; sourceTree = "<group>"; };
		B81AF44B1C32BD9A001C6932 /* Base */ = {isa = PBXFileReference; lastKnownFileType = file.storyboard; name = Base; path = Base.lproj/LaunchScreen.storyboard; sourceTree = "<group>"; };
		B81AF44D1C32BD9A001C6932 /* Info.plist */ = {isa = PBXFileReference; lastKnownFileType = text.plist.xml; path = Info.plist; sourceTree = "<group>"; };
		B81AF4571C32F16A001C6932 /* YouTube-Bridging-Header.h */ = {isa = PBXFileReference; lastKnownFileType = sourcecode.c.h; path = "YouTube-Bridging-Header.h"; sourceTree = "<group>"; };
		B81AF45B1C32F1C3001C6932 /* Podfile */ = {isa = PBXFileReference; fileEncoding = 4; lastKnownFileType = text; path = Podfile; sourceTree = "<group>"; xcLanguageSpecificationIdentifier = xcode.lang.ruby; };
		B81D265F1C626B3F008883D1 /* YouTubeChannelControllerTests.swift */ = {isa = PBXFileReference; fileEncoding = 4; lastKnownFileType = sourcecode.swift; path = YouTubeChannelControllerTests.swift; sourceTree = "<group>"; };
		B81D26651C62724A008883D1 /* YouTubeUITests.xctest */ = {isa = PBXFileReference; explicitFileType = wrapper.cfbundle; includeInIndex = 0; path = YouTubeUITests.xctest; sourceTree = BUILT_PRODUCTS_DIR; };
		B81D26671C62724A008883D1 /* YouTubeUITests.swift */ = {isa = PBXFileReference; lastKnownFileType = sourcecode.swift; path = YouTubeUITests.swift; sourceTree = "<group>"; };
		B81D26691C62724A008883D1 /* Info.plist */ = {isa = PBXFileReference; lastKnownFileType = text.plist.xml; path = Info.plist; sourceTree = "<group>"; };
		B81E22AD1C590B7300A5237D /* BrowseViewController.swift */ = {isa = PBXFileReference; fileEncoding = 4; lastKnownFileType = sourcecode.swift; path = BrowseViewController.swift; sourceTree = "<group>"; };
		B81E22B01C590BEF00A5237D /* ChannelViewController.swift */ = {isa = PBXFileReference; fileEncoding = 4; lastKnownFileType = sourcecode.swift; path = ChannelViewController.swift; sourceTree = "<group>"; };
		B81E22B21C590F3F00A5237D /* BrowseTopView.swift */ = {isa = PBXFileReference; fileEncoding = 4; lastKnownFileType = sourcecode.swift; path = BrowseTopView.swift; sourceTree = "<group>"; };
		B81FE6531C3D3DF600DAF1B8 /* VideoView.swift */ = {isa = PBXFileReference; fileEncoding = 4; lastKnownFileType = sourcecode.swift; path = VideoView.swift; sourceTree = "<group>"; };
		B81FE6551C3D404F00DAF1B8 /* Slider.swift */ = {isa = PBXFileReference; fileEncoding = 4; lastKnownFileType = sourcecode.swift; path = Slider.swift; sourceTree = "<group>"; };
		B81FE6571C3D451600DAF1B8 /* ProgressBar.swift */ = {isa = PBXFileReference; fileEncoding = 4; lastKnownFileType = sourcecode.swift; path = ProgressBar.swift; sourceTree = "<group>"; };
		B81FE6591C3D74CE00DAF1B8 /* ControlView.swift */ = {isa = PBXFileReference; fileEncoding = 4; lastKnownFileType = sourcecode.swift; path = ControlView.swift; sourceTree = "<group>"; };
		B82260A81C512F68009D980E /* ImageDownloader.swift */ = {isa = PBXFileReference; fileEncoding = 4; lastKnownFileType = sourcecode.swift; path = ImageDownloader.swift; sourceTree = "<group>"; };
		B823FB9F1C3FF1D500A2B12F /* DescriptionController.swift */ = {isa = PBXFileReference; fileEncoding = 4; lastKnownFileType = sourcecode.swift; path = DescriptionController.swift; sourceTree = "<group>"; };
		B829D2281C38352000C72547 /* SpringyFlowLayout.swift */ = {isa = PBXFileReference; fileEncoding = 4; lastKnownFileType = sourcecode.swift; path = SpringyFlowLayout.swift; sourceTree = "<group>"; };
		B82BF9ED1C5D2DD70065A3D5 /* ChannelsViewController.swift */ = {isa = PBXFileReference; fileEncoding = 4; lastKnownFileType = sourcecode.swift; path = ChannelsViewController.swift; sourceTree = "<group>"; };
		B82C17381C63B511003582B6 /* SubscribeModel.swift */ = {isa = PBXFileReference; fileEncoding = 4; lastKnownFileType = sourcecode.swift; path = SubscribeModel.swift; sourceTree = "<group>"; };
		B82C23911C53DC0B008F0B9D /* User.swift */ = {isa = PBXFileReference; fileEncoding = 4; lastKnownFileType = sourcecode.swift; path = User.swift; sourceTree = "<group>"; };
		B82C23951C53FCB2008F0B9D /* YouTubeClient.swift */ = {isa = PBXFileReference; fileEncoding = 4; lastKnownFileType = sourcecode.swift; path = YouTubeClient.swift; sourceTree = "<group>"; };
		B8302A691C5FAE32004EDEAE /* Favorites+CoreDataProperties.swift */ = {isa = PBXFileReference; fileEncoding = 4; lastKnownFileType = sourcecode.swift; path = "Favorites+CoreDataProperties.swift"; sourceTree = "<group>"; };
		B8302A6B1C5FAE91004EDEAE /* Favorites.swift */ = {isa = PBXFileReference; fileEncoding = 4; lastKnownFileType = sourcecode.swift; path = Favorites.swift; sourceTree = "<group>"; };
		B8302A6E1C5FC712004EDEAE /* FavoritesController.swift */ = {isa = PBXFileReference; fileEncoding = 4; lastKnownFileType = sourcecode.swift; path = FavoritesController.swift; sourceTree = "<group>"; };
		B8302A731C5FDDD9004EDEAE /* FinderController.swift */ = {isa = PBXFileReference; fileEncoding = 4; lastKnownFileType = sourcecode.swift; path = FinderController.swift; sourceTree = "<group>"; };
		B83715E41C4267A500235D42 /* SmallVideoCell.swift */ = {isa = PBXFileReference; fileEncoding = 4; lastKnownFileType = sourcecode.swift; path = SmallVideoCell.swift; sourceTree = "<group>"; };
		B83715E61C42927300235D42 /* TitleView.swift */ = {isa = PBXFileReference; fileEncoding = 4; lastKnownFileType = sourcecode.swift; path = TitleView.swift; sourceTree = "<group>"; };
		B8373EFB1C5E774600624435 /* VideoNavigationController.swift */ = {isa = PBXFileReference; fileEncoding = 4; lastKnownFileType = sourcecode.swift; path = VideoNavigationController.swift; sourceTree = "<group>"; };
		B83EB8CE1C569E7D00660BE2 /* SubscriptionsController.swift */ = {isa = PBXFileReference; fileEncoding = 4; lastKnownFileType = sourcecode.swift; path = SubscriptionsController.swift; sourceTree = "<group>"; };
		B84338FD1C5785BF004AC5E9 /* SubscriptionsCell.swift */ = {isa = PBXFileReference; fileEncoding = 4; lastKnownFileType = sourcecode.swift; path = SubscriptionsCell.swift; sourceTree = "<group>"; };
		B84405631C55376D007C4756 /* GoogleService-Info.plist */ = {isa = PBXFileReference; fileEncoding = 4; lastKnownFileType = text.plist.xml; path = "GoogleService-Info.plist"; sourceTree = "<group>"; };
		B84405651C553D37007C4756 /* SubscriptionsProvider.swift */ = {isa = PBXFileReference; fileEncoding = 4; lastKnownFileType = sourcecode.swift; path = SubscriptionsProvider.swift; sourceTree = "<group>"; };
		B8499F4A1C3AEB27003A907E /* Youtube.xcdatamodel */ = {isa = PBXFileReference; lastKnownFileType = wrapper.xcdatamodel; path = Youtube.xcdatamodel; sourceTree = "<group>"; };
		B8499F4D1C3AEC0C003A907E /* DataHelper.swift */ = {isa = PBXFileReference; fileEncoding = 4; lastKnownFileType = sourcecode.swift; path = DataHelper.swift; sourceTree = "<group>"; };
		B8499F541C3AF806003A907E /* VideoController.swift */ = {isa = PBXFileReference; fileEncoding = 4; lastKnownFileType = sourcecode.swift; path = VideoController.swift; sourceTree = "<group>"; };
		B84C44711C5A6EFE00163436 /* ChannelProvider.swift */ = {isa = PBXFileReference; fileEncoding = 4; lastKnownFileType = sourcecode.swift; path = ChannelProvider.swift; sourceTree = "<group>"; };
		B85F7A601C415C8F00345109 /* VideoViewController.swift */ = {isa = PBXFileReference; fileEncoding = 4; lastKnownFileType = sourcecode.swift; path = VideoViewController.swift; sourceTree = "<group>"; };
		B85F7A641C415F2B00345109 /* SuggestedVideosController.swift */ = {isa = PBXFileReference; fileEncoding = 4; lastKnownFileType = sourcecode.swift; path = SuggestedVideosController.swift; sourceTree = "<group>"; };
		B85F7A661C415F5300345109 /* SuggestedVideosProvider.swift */ = {isa = PBXFileReference; fileEncoding = 4; lastKnownFileType = sourcecode.swift; path = SuggestedVideosProvider.swift; sourceTree = "<group>"; };
		B85F7A681C417FAA00345109 /* BottomProgress.swift */ = {isa = PBXFileReference; fileEncoding = 4; lastKnownFileType = sourcecode.swift; path = BottomProgress.swift; sourceTree = "<group>"; };
		B85FD3771C6661F000FA7F4C /* RatingView.swift */ = {isa = PBXFileReference; fileEncoding = 4; lastKnownFileType = sourcecode.swift; path = RatingView.swift; sourceTree = "<group>"; };
		B85FD3791C666D6400FA7F4C /* RatingProvider.swift */ = {isa = PBXFileReference; fileEncoding = 4; lastKnownFileType = sourcecode.swift; path = RatingProvider.swift; sourceTree = "<group>"; };
		B86980661C611AC900DE2EFC /* YouTubeQueriesTests.swift */ = {isa = PBXFileReference; fileEncoding = 4; lastKnownFileType = sourcecode.swift; path = YouTubeQueriesTests.swift; sourceTree = "<group>"; };
		B8722B241C35CFB900E5BBE4 /* ParallaxView.swift */ = {isa = PBXFileReference; fileEncoding = 4; lastKnownFileType = sourcecode.swift; path = ParallaxView.swift; sourceTree = "<group>"; };
		B87570331C355A0B00256D82 /* ChannelCell.swift */ = {isa = PBXFileReference; fileEncoding = 4; lastKnownFileType = sourcecode.swift; path = ChannelCell.swift; sourceTree = "<group>"; };
		B87570351C355A1F00256D82 /* VideoCell.swift */ = {isa = PBXFileReference; fileEncoding = 4; lastKnownFileType = sourcecode.swift; path = VideoCell.swift; sourceTree = "<group>"; };
		B875704D1C3573D100256D82 /* YouTubeTests.xctest */ = {isa = PBXFileReference; explicitFileType = wrapper.cfbundle; includeInIndex = 0; path = YouTubeTests.xctest; sourceTree = BUILT_PRODUCTS_DIR; };
		B875704F1C3573D200256D82 /* YouTubeTests.swift */ = {isa = PBXFileReference; lastKnownFileType = sourcecode.swift; path = YouTubeTests.swift; sourceTree = "<group>"; };
		B87570511C3573D200256D82 /* Info.plist */ = {isa = PBXFileReference; lastKnownFileType = text.plist.xml; path = Info.plist; sourceTree = "<group>"; };
		B8891CEB1C3462F4003E906E /* SearchViewController.swift */ = {isa = PBXFileReference; fileEncoding = 4; lastKnownFileType = sourcecode.swift; path = SearchViewController.swift; sourceTree = "<group>"; };
		B8891CED1C346310003E906E /* SearchResultsProvider.swift */ = {isa = PBXFileReference; fileEncoding = 4; lastKnownFileType = sourcecode.swift; path = SearchResultsProvider.swift; sourceTree = "<group>"; };
		B89368441C4FF055007072E1 /* Models.swift */ = {isa = PBXFileReference; fileEncoding = 4; lastKnownFileType = sourcecode.swift; path = Models.swift; sourceTree = "<group>"; };
		B8AFCE551C3C484100FAF252 /* VideoPlayerController.swift */ = {isa = PBXFileReference; fileEncoding = 4; lastKnownFileType = sourcecode.swift; path = VideoPlayerController.swift; sourceTree = "<group>"; };
		B8AFCE571C3C5B4700FAF252 /* PlayerView.swift */ = {isa = PBXFileReference; fileEncoding = 4; lastKnownFileType = sourcecode.swift; path = PlayerView.swift; sourceTree = "<group>"; };
		B8F4EA411C39948400680820 /* SuggestionsTableViewController.swift */ = {isa = PBXFileReference; fileEncoding = 4; lastKnownFileType = sourcecode.swift; path = SuggestionsTableViewController.swift; sourceTree = "<group>"; };
		B8F4EA431C39991E00680820 /* SuggestionsTableViewCell.swift */ = {isa = PBXFileReference; fileEncoding = 4; lastKnownFileType = sourcecode.swift; path = SuggestionsTableViewCell.swift; sourceTree = "<group>"; };
/* End PBXFileReference section */

/* Begin PBXFrameworksBuildPhase section */
		B81AF43B1C32BD98001C6932 /* Frameworks */ = {
			isa = PBXFrameworksBuildPhase;
			buildActionMask = 2147483647;
			files = (
				F0556B2C38EC5B726C8FA36E /* Pods.framework in Frameworks */,
			);
			runOnlyForDeploymentPostprocessing = 0;
		};
		B81D26621C627249008883D1 /* Frameworks */ = {
			isa = PBXFrameworksBuildPhase;
			buildActionMask = 2147483647;
			files = (
			);
			runOnlyForDeploymentPostprocessing = 0;
		};
		B875704A1C3573D100256D82 /* Frameworks */ = {
			isa = PBXFrameworksBuildPhase;
			buildActionMask = 2147483647;
			files = (
			);
			runOnlyForDeploymentPostprocessing = 0;
		};
/* End PBXFrameworksBuildPhase section */

/* Begin PBXGroup section */
		4C6134AB8DD736334A5C2DFD /* Pods */ = {
			isa = PBXGroup;
			children = (
				5CE731503E0FE00A50B60484 /* Pods.debug.xcconfig */,
				7BD62B7E0B28A66408CE2118 /* Pods.release.xcconfig */,
			);
			name = Pods;
			sourceTree = "<group>";
		};
		B81AF4351C32BD98001C6932 = {
			isa = PBXGroup;
			children = (
				B81AF45B1C32F1C3001C6932 /* Podfile */,
				B81AF4401C32BD99001C6932 /* YouTube */,
				B875704E1C3573D200256D82 /* YouTubeTests */,
				B81D26661C62724A008883D1 /* YouTubeUITests */,
				B81AF43F1C32BD98001C6932 /* Products */,
				4C6134AB8DD736334A5C2DFD /* Pods */,
				D86FB0DFF9F6AF0DC21D2DC1 /* Frameworks */,
			);
			sourceTree = "<group>";
		};
		B81AF43F1C32BD98001C6932 /* Products */ = {
			isa = PBXGroup;
			children = (
				B81AF43E1C32BD98001C6932 /* YouTube.app */,
				B875704D1C3573D100256D82 /* YouTubeTests.xctest */,
				B81D26651C62724A008883D1 /* YouTubeUITests.xctest */,
			);
			name = Products;
			sourceTree = "<group>";
		};
		B81AF4401C32BD99001C6932 /* YouTube */ = {
			isa = PBXGroup;
			children = (
				B81AF4411C32BD99001C6932 /* AppDelegate.swift */,
				B81AF4431C32BD99001C6932 /* ViewController.swift */,
				B81E22AF1C590B8100A5237D /* Browser */,
				B85F7A631C415CBB00345109 /* VideoPlayer+Description */,
				B8302A721C5FDC66004EDEAE /* Search+Favorite */,
				B85F7A621C415CA100345109 /* Other */,
				B8499F4C1C3AEB95003A907E /* CoreData */,
				B81AF4451C32BD9A001C6932 /* Main.storyboard */,
				B81AF4481C32BD9A001C6932 /* Assets.xcassets */,
				B81AF44A1C32BD9A001C6932 /* LaunchScreen.storyboard */,
				B81AF44D1C32BD9A001C6932 /* Info.plist */,
				B84405631C55376D007C4756 /* GoogleService-Info.plist */,
				B81AF4571C32F16A001C6932 /* YouTube-Bridging-Header.h */,
			);
			path = YouTube;
			sourceTree = "<group>";
		};
		B81D26661C62724A008883D1 /* YouTubeUITests */ = {
			isa = PBXGroup;
			children = (
				B81D26671C62724A008883D1 /* YouTubeUITests.swift */,
				B81D26691C62724A008883D1 /* Info.plist */,
			);
			path = YouTubeUITests;
			sourceTree = "<group>";
		};
		B81E22AF1C590B8100A5237D /* Browser */ = {
			isa = PBXGroup;
			children = (
				B81E22B21C590F3F00A5237D /* BrowseTopView.swift */,
				B82C17381C63B511003582B6 /* SubscribeModel.swift */,
				B81E22AD1C590B7300A5237D /* BrowseViewController.swift */,
				B84C44731C5A770C00163436 /* Channels */,
				B84405671C553D41007C4756 /* Subscriptions */,
			);
			name = Browser;
			sourceTree = "<group>";
		};
		B823FBA11C3FF1DA00A2B12F /* Description */ = {
			isa = PBXGroup;
			children = (
				B823FB9F1C3FF1D500A2B12F /* DescriptionController.swift */,
				B83715E61C42927300235D42 /* TitleView.swift */,
				B85F7A641C415F2B00345109 /* SuggestedVideosController.swift */,
				B85F7A661C415F5300345109 /* SuggestedVideosProvider.swift */,
				B83715E41C4267A500235D42 /* SmallVideoCell.swift */,
				B85FD3771C6661F000FA7F4C /* RatingView.swift */,
				B85FD3791C666D6400FA7F4C /* RatingProvider.swift */,
			);
			name = Description;
			sourceTree = "<group>";
		};
		B8302A6D1C5FC3A8004EDEAE /* Favorites */ = {
			isa = PBXGroup;
			children = (
				B8302A6E1C5FC712004EDEAE /* FavoritesController.swift */,
			);
			name = Favorites;
			sourceTree = "<group>";
		};
		B8302A721C5FDC66004EDEAE /* Search+Favorite */ = {
			isa = PBXGroup;
			children = (
				B8302A731C5FDDD9004EDEAE /* FinderController.swift */,
				B8891CEA1C3462B2003E906E /* Search */,
				B8302A6D1C5FC3A8004EDEAE /* Favorites */,
			);
			name = "Search+Favorite";
			sourceTree = "<group>";
		};
		B84405671C553D41007C4756 /* Subscriptions */ = {
			isa = PBXGroup;
			children = (
				B84405651C553D37007C4756 /* SubscriptionsProvider.swift */,
				B83EB8CE1C569E7D00660BE2 /* SubscriptionsController.swift */,
				B84338FD1C5785BF004AC5E9 /* SubscriptionsCell.swift */,
			);
			name = Subscriptions;
			sourceTree = "<group>";
		};
		B8499F4C1C3AEB95003A907E /* CoreData */ = {
			isa = PBXGroup;
			children = (
				B8499F491C3AEB27003A907E /* Youtube.xcdatamodeld */,
				B8302A691C5FAE32004EDEAE /* Favorites+CoreDataProperties.swift */,
				B8302A6B1C5FAE91004EDEAE /* Favorites.swift */,
				B8499F4D1C3AEC0C003A907E /* DataHelper.swift */,
			);
			name = CoreData;
			sourceTree = "<group>";
		};
		B8499F531C3AF7A3003A907E /* VideoPlayer */ = {
			isa = PBXGroup;
			children = (
				B8499F541C3AF806003A907E /* VideoController.swift */,
				B8373EFB1C5E774600624435 /* VideoNavigationController.swift */,
				B81FE6591C3D74CE00DAF1B8 /* ControlView.swift */,
				B8AFCE571C3C5B4700FAF252 /* PlayerView.swift */,
				B8AFCE551C3C484100FAF252 /* VideoPlayerController.swift */,
				B81FE6531C3D3DF600DAF1B8 /* VideoView.swift */,
				B81FE6551C3D404F00DAF1B8 /* Slider.swift */,
				B81FE6571C3D451600DAF1B8 /* ProgressBar.swift */,
				B85F7A681C417FAA00345109 /* BottomProgress.swift */,
			);
			name = VideoPlayer;
			sourceTree = "<group>";
		};
		B84C44731C5A770C00163436 /* Channels */ = {
			isa = PBXGroup;
			children = (
				B82BF9ED1C5D2DD70065A3D5 /* ChannelsViewController.swift */,
				B81E22B01C590BEF00A5237D /* ChannelViewController.swift */,
				B84C44711C5A6EFE00163436 /* ChannelProvider.swift */,
			);
			name = Channels;
			sourceTree = "<group>";
		};
		B85F7A621C415CA100345109 /* Other */ = {
			isa = PBXGroup;
			children = (
				B829D2281C38352000C72547 /* SpringyFlowLayout.swift */,
				B82C23911C53DC0B008F0B9D /* User.swift */,
				B82C23951C53FCB2008F0B9D /* YouTubeClient.swift */,
			);
			name = Other;
			sourceTree = "<group>";
		};
		B85F7A631C415CBB00345109 /* VideoPlayer+Description */ = {
			isa = PBXGroup;
			children = (
				B85F7A601C415C8F00345109 /* VideoViewController.swift */,
				B8499F531C3AF7A3003A907E /* VideoPlayer */,
				B823FBA11C3FF1DA00A2B12F /* Description */,
			);
			name = "VideoPlayer+Description";
			sourceTree = "<group>";
		};
		B875704E1C3573D200256D82 /* YouTubeTests */ = {
			isa = PBXGroup;
			children = (
				B875704F1C3573D200256D82 /* YouTubeTests.swift */,
				B86980661C611AC900DE2EFC /* YouTubeQueriesTests.swift */,
				B81D265F1C626B3F008883D1 /* YouTubeChannelControllerTests.swift */,
				B87570511C3573D200256D82 /* Info.plist */,
			);
			path = YouTubeTests;
			sourceTree = "<group>";
		};
		B8891CEA1C3462B2003E906E /* Search */ = {
			isa = PBXGroup;
			children = (
				B8891CEB1C3462F4003E906E /* SearchViewController.swift */,
				B82260A81C512F68009D980E /* ImageDownloader.swift */,
				B8891CED1C346310003E906E /* SearchResultsProvider.swift */,
				B89368441C4FF055007072E1 /* Models.swift */,
				B87570331C355A0B00256D82 /* ChannelCell.swift */,
				B87570351C355A1F00256D82 /* VideoCell.swift */,
				B8722B241C35CFB900E5BBE4 /* ParallaxView.swift */,
				B8F4EA411C39948400680820 /* SuggestionsTableViewController.swift */,
				B8F4EA431C39991E00680820 /* SuggestionsTableViewCell.swift */,
			);
			name = Search;
			sourceTree = "<group>";
		};
		D86FB0DFF9F6AF0DC21D2DC1 /* Frameworks */ = {
			isa = PBXGroup;
			children = (
				66724B57F6DC9025AACDF8CA /* Pods.framework */,
			);
			name = Frameworks;
			sourceTree = "<group>";
		};
/* End PBXGroup section */

/* Begin PBXNativeTarget section */
		B81AF43D1C32BD98001C6932 /* YouTube */ = {
			isa = PBXNativeTarget;
			buildConfigurationList = B81AF4501C32BD9A001C6932 /* Build configuration list for PBXNativeTarget "YouTube" */;
			buildPhases = (
				231FA1F351548C38F0518276 /* Check Pods Manifest.lock */,
				B81AF43A1C32BD98001C6932 /* Sources */,
				B81AF43B1C32BD98001C6932 /* Frameworks */,
				B81AF43C1C32BD98001C6932 /* Resources */,
				81B9B70B60554871436E6A1A /* Embed Pods Frameworks */,
				FE384AD02EB2DA3E604EF800 /* Copy Pods Resources */,
				B8302A661C5FAD2D004EDEAE /* Embed Frameworks */,
			);
			buildRules = (
			);
			dependencies = (
			);
			name = YouTube;
			productName = YouTube;
			productReference = B81AF43E1C32BD98001C6932 /* YouTube.app */;
			productType = "com.apple.product-type.application";
		};
		B81D26641C627249008883D1 /* YouTubeUITests */ = {
			isa = PBXNativeTarget;
			buildConfigurationList = B81D266C1C62724A008883D1 /* Build configuration list for PBXNativeTarget "YouTubeUITests" */;
			buildPhases = (
				B81D26611C627249008883D1 /* Sources */,
				B81D26621C627249008883D1 /* Frameworks */,
				B81D26631C627249008883D1 /* Resources */,
			);
			buildRules = (
			);
			dependencies = (
				B81D266B1C62724A008883D1 /* PBXTargetDependency */,
			);
			name = YouTubeUITests;
			productName = YouTubeUITests;
			productReference = B81D26651C62724A008883D1 /* YouTubeUITests.xctest */;
			productType = "com.apple.product-type.bundle.ui-testing";
		};
		B875704C1C3573D100256D82 /* YouTubeTests */ = {
			isa = PBXNativeTarget;
			buildConfigurationList = B87570541C3573D200256D82 /* Build configuration list for PBXNativeTarget "YouTubeTests" */;
			buildPhases = (
				B87570491C3573D100256D82 /* Sources */,
				B875704A1C3573D100256D82 /* Frameworks */,
				B875704B1C3573D100256D82 /* Resources */,
			);
			buildRules = (
			);
			dependencies = (
				B87570531C3573D200256D82 /* PBXTargetDependency */,
			);
			name = YouTubeTests;
			productName = YouTubeTests;
			productReference = B875704D1C3573D100256D82 /* YouTubeTests.xctest */;
			productType = "com.apple.product-type.bundle.unit-test";
		};
/* End PBXNativeTarget section */

/* Begin PBXProject section */
		B81AF4361C32BD98001C6932 /* Project object */ = {
			isa = PBXProject;
			attributes = {
				LastSwiftUpdateCheck = 0730;
				LastUpgradeCheck = 0720;
				ORGANIZATIONNAME = Starfly;
				TargetAttributes = {
					B81AF43D1C32BD98001C6932 = {
						CreatedOnToolsVersion = 7.2;
						SystemCapabilities = {
							com.apple.BackgroundModes = {
								enabled = 1;
							};
						};
					};
					B81D26641C627249008883D1 = {
						CreatedOnToolsVersion = 7.3;
						TestTargetID = B81AF43D1C32BD98001C6932;
					};
					B875704C1C3573D100256D82 = {
						CreatedOnToolsVersion = 7.2;
					};
				};
			};
			buildConfigurationList = B81AF4391C32BD98001C6932 /* Build configuration list for PBXProject "YouTube" */;
			compatibilityVersion = "Xcode 3.2";
			developmentRegion = English;
			hasScannedForEncodings = 0;
			knownRegions = (
				en,
				Base,
			);
			mainGroup = B81AF4351C32BD98001C6932;
			productRefGroup = B81AF43F1C32BD98001C6932 /* Products */;
			projectDirPath = "";
			projectRoot = "";
			targets = (
				B81AF43D1C32BD98001C6932 /* YouTube */,
				B875704C1C3573D100256D82 /* YouTubeTests */,
				B81D26641C627249008883D1 /* YouTubeUITests */,
			);
		};
/* End PBXProject section */

/* Begin PBXResourcesBuildPhase section */
		B81AF43C1C32BD98001C6932 /* Resources */ = {
			isa = PBXResourcesBuildPhase;
			buildActionMask = 2147483647;
			files = (
				B81AF44C1C32BD9A001C6932 /* LaunchScreen.storyboard in Resources */,
				B81AF4491C32BD9A001C6932 /* Assets.xcassets in Resources */,
				B84405641C55376D007C4756 /* GoogleService-Info.plist in Resources */,
				B81AF45C1C32F1C3001C6932 /* Podfile in Resources */,
				B81AF4471C32BD9A001C6932 /* Main.storyboard in Resources */,
			);
			runOnlyForDeploymentPostprocessing = 0;
		};
		B81D26631C627249008883D1 /* Resources */ = {
			isa = PBXResourcesBuildPhase;
			buildActionMask = 2147483647;
			files = (
			);
			runOnlyForDeploymentPostprocessing = 0;
		};
		B875704B1C3573D100256D82 /* Resources */ = {
			isa = PBXResourcesBuildPhase;
			buildActionMask = 2147483647;
			files = (
			);
			runOnlyForDeploymentPostprocessing = 0;
		};
/* End PBXResourcesBuildPhase section */

/* Begin PBXShellScriptBuildPhase section */
		231FA1F351548C38F0518276 /* Check Pods Manifest.lock */ = {
			isa = PBXShellScriptBuildPhase;
			buildActionMask = 2147483647;
			files = (
			);
			inputPaths = (
			);
			name = "Check Pods Manifest.lock";
			outputPaths = (
			);
			runOnlyForDeploymentPostprocessing = 0;
			shellPath = /bin/sh;
			shellScript = "diff \"${PODS_ROOT}/../Podfile.lock\" \"${PODS_ROOT}/Manifest.lock\" > /dev/null\nif [[ $? != 0 ]] ; then\n    cat << EOM\nerror: The sandbox is not in sync with the Podfile.lock. Run 'pod install' or update your CocoaPods installation.\nEOM\n    exit 1\nfi\n";
			showEnvVarsInLog = 0;
		};
		81B9B70B60554871436E6A1A /* Embed Pods Frameworks */ = {
			isa = PBXShellScriptBuildPhase;
			buildActionMask = 2147483647;
			files = (
			);
			inputPaths = (
			);
			name = "Embed Pods Frameworks";
			outputPaths = (
			);
			runOnlyForDeploymentPostprocessing = 0;
			shellPath = /bin/sh;
			shellScript = "\"${SRCROOT}/Pods/Target Support Files/Pods/Pods-frameworks.sh\"\n";
			showEnvVarsInLog = 0;
		};
		FE384AD02EB2DA3E604EF800 /* Copy Pods Resources */ = {
			isa = PBXShellScriptBuildPhase;
			buildActionMask = 2147483647;
			files = (
			);
			inputPaths = (
			);
			name = "Copy Pods Resources";
			outputPaths = (
			);
			runOnlyForDeploymentPostprocessing = 0;
			shellPath = /bin/sh;
			shellScript = "\"${SRCROOT}/Pods/Target Support Files/Pods/Pods-resources.sh\"\n";
			showEnvVarsInLog = 0;
		};
/* End PBXShellScriptBuildPhase section */

/* Begin PBXSourcesBuildPhase section */
		B81AF43A1C32BD98001C6932 /* Sources */ = {
			isa = PBXSourcesBuildPhase;
			buildActionMask = 2147483647;
			files = (
				B85F7A651C415F2B00345109 /* SuggestedVideosController.swift in Sources */,
				B8F4EA421C39948400680820 /* SuggestionsTableViewController.swift in Sources */,
				B8499F551C3AF806003A907E /* VideoController.swift in Sources */,
				B85FD3781C6661F000FA7F4C /* RatingView.swift in Sources */,
				B8AFCE581C3C5B4700FAF252 /* PlayerView.swift in Sources */,
				B83715E71C42927300235D42 /* TitleView.swift in Sources */,
				B84C44721C5A6EFF00163436 /* ChannelProvider.swift in Sources */,
				B81E22AE1C590B7300A5237D /* BrowseViewController.swift in Sources */,
				B8499F4B1C3AEB27003A907E /* Youtube.xcdatamodeld in Sources */,
				B8499F4E1C3AEC0C003A907E /* DataHelper.swift in Sources */,
				B82BF9EE1C5D2DD70065A3D5 /* ChannelsViewController.swift in Sources */,
				B81FE6581C3D451600DAF1B8 /* ProgressBar.swift in Sources */,
				B8302A6F1C5FC712004EDEAE /* FavoritesController.swift in Sources */,
				B89368451C4FF055007072E1 /* Models.swift in Sources */,
				B81AF4441C32BD99001C6932 /* ViewController.swift in Sources */,
				B81AF4421C32BD99001C6932 /* AppDelegate.swift in Sources */,
				B82C23961C53FCB2008F0B9D /* YouTubeClient.swift in Sources */,
				B87570341C355A0B00256D82 /* ChannelCell.swift in Sources */,
				B8722B251C35CFB900E5BBE4 /* ParallaxView.swift in Sources */,
				B82C17391C63B511003582B6 /* SubscribeModel.swift in Sources */,
				B81FE6561C3D404F00DAF1B8 /* Slider.swift in Sources */,
				B83715E51C4267A500235D42 /* SmallVideoCell.swift in Sources */,
				B823FBA01C3FF1D500A2B12F /* DescriptionController.swift in Sources */,
				B84405661C553D37007C4756 /* SubscriptionsProvider.swift in Sources */,
				B8891CEC1C3462F4003E906E /* SearchViewController.swift in Sources */,
				B83EB8CF1C569E7D00660BE2 /* SubscriptionsController.swift in Sources */,
				B8F4EA441C39991E00680820 /* SuggestionsTableViewCell.swift in Sources */,
				B81E22B11C590BEF00A5237D /* ChannelViewController.swift in Sources */,
				B81FE65A1C3D74CE00DAF1B8 /* ControlView.swift in Sources */,
				B85F7A611C415C9000345109 /* VideoViewController.swift in Sources */,
				B81E22B31C590F3F00A5237D /* BrowseTopView.swift in Sources */,
				B8AFCE561C3C484100FAF252 /* VideoPlayerController.swift in Sources */,
				B8302A741C5FDDD9004EDEAE /* FinderController.swift in Sources */,
				B8373EFC1C5E774700624435 /* VideoNavigationController.swift in Sources */,
				B81FE6541C3D3DF600DAF1B8 /* VideoView.swift in Sources */,
				B8302A6A1C5FAE32004EDEAE /* Favorites+CoreDataProperties.swift in Sources */,
				B87570361C355A1F00256D82 /* VideoCell.swift in Sources */,
				B85F7A691C417FAA00345109 /* BottomProgress.swift in Sources */,
				B82260A91C512F68009D980E /* ImageDownloader.swift in Sources */,
				B85F7A671C415F5300345109 /* SuggestedVideosProvider.swift in Sources */,
				B8302A6C1C5FAE91004EDEAE /* Favorites.swift in Sources */,
				B85FD37A1C666D6400FA7F4C /* RatingProvider.swift in Sources */,
				B829D2291C38352000C72547 /* SpringyFlowLayout.swift in Sources */,
				B84338FE1C5785BF004AC5E9 /* SubscriptionsCell.swift in Sources */,
				B8891CEE1C346310003E906E /* SearchResultsProvider.swift in Sources */,
				B82C23921C53DC0B008F0B9D /* User.swift in Sources */,
			);
			runOnlyForDeploymentPostprocessing = 0;
		};
		B81D26611C627249008883D1 /* Sources */ = {
			isa = PBXSourcesBuildPhase;
			buildActionMask = 2147483647;
			files = (
				B81D26681C62724A008883D1 /* YouTubeUITests.swift in Sources */,
			);
			runOnlyForDeploymentPostprocessing = 0;
		};
		B87570491C3573D100256D82 /* Sources */ = {
			isa = PBXSourcesBuildPhase;
			buildActionMask = 2147483647;
			files = (
				B86980671C611AC900DE2EFC /* YouTubeQueriesTests.swift in Sources */,
				B81D26601C626B3F008883D1 /* YouTubeChannelControllerTests.swift in Sources */,
				B87570501C3573D200256D82 /* YouTubeTests.swift in Sources */,
			);
			runOnlyForDeploymentPostprocessing = 0;
		};
/* End PBXSourcesBuildPhase section */

/* Begin PBXTargetDependency section */
		B81D266B1C62724A008883D1 /* PBXTargetDependency */ = {
			isa = PBXTargetDependency;
			target = B81AF43D1C32BD98001C6932 /* YouTube */;
			targetProxy = B81D266A1C62724A008883D1 /* PBXContainerItemProxy */;
		};
		B87570531C3573D200256D82 /* PBXTargetDependency */ = {
			isa = PBXTargetDependency;
			target = B81AF43D1C32BD98001C6932 /* YouTube */;
			targetProxy = B87570521C3573D200256D82 /* PBXContainerItemProxy */;
		};
/* End PBXTargetDependency section */

/* Begin PBXVariantGroup section */
		B81AF4451C32BD9A001C6932 /* Main.storyboard */ = {
			isa = PBXVariantGroup;
			children = (
				B81AF4461C32BD9A001C6932 /* Base */,
			);
			name = Main.storyboard;
			sourceTree = "<group>";
		};
		B81AF44A1C32BD9A001C6932 /* LaunchScreen.storyboard */ = {
			isa = PBXVariantGroup;
			children = (
				B81AF44B1C32BD9A001C6932 /* Base */,
			);
			name = LaunchScreen.storyboard;
			sourceTree = "<group>";
		};
/* End PBXVariantGroup section */

/* Begin XCBuildConfiguration section */
		B81AF44E1C32BD9A001C6932 /* Debug */ = {
			isa = XCBuildConfiguration;
			buildSettings = {
				ALWAYS_SEARCH_USER_PATHS = NO;
				CLANG_CXX_LANGUAGE_STANDARD = "gnu++0x";
				CLANG_CXX_LIBRARY = "libc++";
				CLANG_ENABLE_MODULES = YES;
				CLANG_ENABLE_OBJC_ARC = YES;
				CLANG_WARN_BOOL_CONVERSION = YES;
				CLANG_WARN_CONSTANT_CONVERSION = YES;
				CLANG_WARN_DIRECT_OBJC_ISA_USAGE = YES_ERROR;
				CLANG_WARN_EMPTY_BODY = YES;
				CLANG_WARN_ENUM_CONVERSION = YES;
				CLANG_WARN_INT_CONVERSION = YES;
				CLANG_WARN_OBJC_ROOT_CLASS = YES_ERROR;
				CLANG_WARN_UNREACHABLE_CODE = YES;
				CLANG_WARN__DUPLICATE_METHOD_MATCH = YES;
				"CODE_SIGN_IDENTITY[sdk=iphoneos*]" = "iPhone Developer";
				COPY_PHASE_STRIP = NO;
				DEBUG_INFORMATION_FORMAT = dwarf;
				DEFINES_MODULE = YES;
				ENABLE_BITCODE = NO;
				ENABLE_STRICT_OBJC_MSGSEND = YES;
				ENABLE_TESTABILITY = YES;
				GCC_C_LANGUAGE_STANDARD = gnu99;
				GCC_DYNAMIC_NO_PIC = NO;
				GCC_NO_COMMON_BLOCKS = YES;
				GCC_OPTIMIZATION_LEVEL = 0;
				GCC_PREPROCESSOR_DEFINITIONS = (
					"DEBUG=1",
					"$(inherited)",
				);
				GCC_WARN_64_TO_32_BIT_CONVERSION = YES;
				GCC_WARN_ABOUT_RETURN_TYPE = YES_ERROR;
				GCC_WARN_UNDECLARED_SELECTOR = YES;
				GCC_WARN_UNINITIALIZED_AUTOS = YES_AGGRESSIVE;
				GCC_WARN_UNUSED_FUNCTION = YES;
				GCC_WARN_UNUSED_VARIABLE = YES;
				IPHONEOS_DEPLOYMENT_TARGET = 9.2;
				MTL_ENABLE_DEBUG_INFO = YES;
				ONLY_ACTIVE_ARCH = YES;
				SDKROOT = iphoneos;
				SWIFT_OPTIMIZATION_LEVEL = "-Onone";
				TARGETED_DEVICE_FAMILY = 2;
			};
			name = Debug;
		};
		B81AF44F1C32BD9A001C6932 /* Release */ = {
			isa = XCBuildConfiguration;
			buildSettings = {
				ALWAYS_SEARCH_USER_PATHS = NO;
				CLANG_CXX_LANGUAGE_STANDARD = "gnu++0x";
				CLANG_CXX_LIBRARY = "libc++";
				CLANG_ENABLE_MODULES = YES;
				CLANG_ENABLE_OBJC_ARC = YES;
				CLANG_WARN_BOOL_CONVERSION = YES;
				CLANG_WARN_CONSTANT_CONVERSION = YES;
				CLANG_WARN_DIRECT_OBJC_ISA_USAGE = YES_ERROR;
				CLANG_WARN_EMPTY_BODY = YES;
				CLANG_WARN_ENUM_CONVERSION = YES;
				CLANG_WARN_INT_CONVERSION = YES;
				CLANG_WARN_OBJC_ROOT_CLASS = YES_ERROR;
				CLANG_WARN_UNREACHABLE_CODE = YES;
				CLANG_WARN__DUPLICATE_METHOD_MATCH = YES;
				"CODE_SIGN_IDENTITY[sdk=iphoneos*]" = "iPhone Developer";
				COPY_PHASE_STRIP = NO;
				DEBUG_INFORMATION_FORMAT = "dwarf-with-dsym";
				DEFINES_MODULE = YES;
				ENABLE_BITCODE = NO;
				ENABLE_NS_ASSERTIONS = NO;
				ENABLE_STRICT_OBJC_MSGSEND = YES;
				GCC_C_LANGUAGE_STANDARD = gnu99;
				GCC_NO_COMMON_BLOCKS = YES;
				GCC_WARN_64_TO_32_BIT_CONVERSION = YES;
				GCC_WARN_ABOUT_RETURN_TYPE = YES_ERROR;
				GCC_WARN_UNDECLARED_SELECTOR = YES;
				GCC_WARN_UNINITIALIZED_AUTOS = YES_AGGRESSIVE;
				GCC_WARN_UNUSED_FUNCTION = YES;
				GCC_WARN_UNUSED_VARIABLE = YES;
				IPHONEOS_DEPLOYMENT_TARGET = 9.2;
				MTL_ENABLE_DEBUG_INFO = NO;
				SDKROOT = iphoneos;
				TARGETED_DEVICE_FAMILY = 2;
				VALIDATE_PRODUCT = YES;
			};
			name = Release;
		};
		B81AF4511C32BD9A001C6932 /* Debug */ = {
			isa = XCBuildConfiguration;
			baseConfigurationReference = 5CE731503E0FE00A50B60484 /* Pods.debug.xcconfig */;
			buildSettings = {
				ASSETCATALOG_COMPILER_APPICON_NAME = AppIcon;
				CLANG_ENABLE_MODULES = YES;
				ENABLE_TESTABILITY = YES;
				INFOPLIST_FILE = YouTube/Info.plist;
				IPHONEOS_DEPLOYMENT_TARGET = 9.0;
				LD_RUNPATH_SEARCH_PATHS = "$(inherited) @executable_path/Frameworks";
				PRODUCT_BUNDLE_IDENTIFIER = com.artursderkintis.YouTube;
				PRODUCT_NAME = "$(TARGET_NAME)";
				SWIFT_OBJC_BRIDGING_HEADER = "YouTube/YouTube-Bridging-Header.h";
				SWIFT_OPTIMIZATION_LEVEL = "-Onone";
				TARGETED_DEVICE_FAMILY = 2;
			};
			name = Debug;
		};
		B81AF4521C32BD9A001C6932 /* Release */ = {
			isa = XCBuildConfiguration;
			baseConfigurationReference = 7BD62B7E0B28A66408CE2118 /* Pods.release.xcconfig */;
			buildSettings = {
				ASSETCATALOG_COMPILER_APPICON_NAME = AppIcon;
				CLANG_ENABLE_MODULES = YES;
				ENABLE_TESTABILITY = YES;
				INFOPLIST_FILE = YouTube/Info.plist;
				IPHONEOS_DEPLOYMENT_TARGET = 9.0;
				LD_RUNPATH_SEARCH_PATHS = "$(inherited) @executable_path/Frameworks";
				PRODUCT_BUNDLE_IDENTIFIER = com.artursderkintis.YouTube;
				PRODUCT_NAME = "$(TARGET_NAME)";
				SWIFT_OBJC_BRIDGING_HEADER = "YouTube/YouTube-Bridging-Header.h";
				TARGETED_DEVICE_FAMILY = 2;
			};
			name = Release;
		};
		B81D266D1C62724A008883D1 /* Debug */ = {
			isa = XCBuildConfiguration;
			buildSettings = {
				INFOPLIST_FILE = YouTubeUITests/Info.plist;
				IPHONEOS_DEPLOYMENT_TARGET = 9.3;
				LD_RUNPATH_SEARCH_PATHS = "$(inherited) @executable_path/Frameworks @loader_path/Frameworks";
				PRODUCT_BUNDLE_IDENTIFIER = com.artursderkintis.YouTubeUITests;
				PRODUCT_NAME = "$(TARGET_NAME)";
				TEST_TARGET_NAME = YouTube;
			};
			name = Debug;
		};
		B81D266E1C62724A008883D1 /* Release */ = {
			isa = XCBuildConfiguration;
			buildSettings = {
				INFOPLIST_FILE = YouTubeUITests/Info.plist;
				IPHONEOS_DEPLOYMENT_TARGET = 9.3;
				LD_RUNPATH_SEARCH_PATHS = "$(inherited) @executable_path/Frameworks @loader_path/Frameworks";
				PRODUCT_BUNDLE_IDENTIFIER = com.artursderkintis.YouTubeUITests;
				PRODUCT_NAME = "$(TARGET_NAME)";
				TEST_TARGET_NAME = YouTube;
			};
			name = Release;
		};
		B87570551C3573D200256D82 /* Debug */ = {
			isa = XCBuildConfiguration;
			baseConfigurationReference = 5CE731503E0FE00A50B60484 /* Pods.debug.xcconfig */;
			buildSettings = {
				INFOPLIST_FILE = YouTubeTests/Info.plist;
				LD_RUNPATH_SEARCH_PATHS = "$(inherited) @executable_path/Frameworks @loader_path/Frameworks";
				PRODUCT_BUNDLE_IDENTIFIER = com.artursderkintis.YouTubeTests;
				PRODUCT_NAME = "$(TARGET_NAME)";
			};
			name = Debug;
		};
		B87570561C3573D200256D82 /* Release */ = {
			isa = XCBuildConfiguration;
			baseConfigurationReference = 7BD62B7E0B28A66408CE2118 /* Pods.release.xcconfig */;
			buildSettings = {
				INFOPLIST_FILE = YouTubeTests/Info.plist;
				LD_RUNPATH_SEARCH_PATHS = "$(inherited) @executable_path/Frameworks @loader_path/Frameworks";
				PRODUCT_BUNDLE_IDENTIFIER = com.artursderkintis.YouTubeTests;
				PRODUCT_NAME = "$(TARGET_NAME)";
			};
			name = Release;
		};
/* End XCBuildConfiguration section */

/* Begin XCConfigurationList section */
		B81AF4391C32BD98001C6932 /* Build configuration list for PBXProject "YouTube" */ = {
			isa = XCConfigurationList;
			buildConfigurations = (
				B81AF44E1C32BD9A001C6932 /* Debug */,
				B81AF44F1C32BD9A001C6932 /* Release */,
			);
			defaultConfigurationIsVisible = 0;
			defaultConfigurationName = Release;
		};
		B81AF4501C32BD9A001C6932 /* Build configuration list for PBXNativeTarget "YouTube" */ = {
			isa = XCConfigurationList;
			buildConfigurations = (
				B81AF4511C32BD9A001C6932 /* Debug */,
				B81AF4521C32BD9A001C6932 /* Release */,
			);
			defaultConfigurationIsVisible = 0;
			defaultConfigurationName = Release;
		};
		B81D266C1C62724A008883D1 /* Build configuration list for PBXNativeTarget "YouTubeUITests" */ = {
			isa = XCConfigurationList;
			buildConfigurations = (
				B81D266D1C62724A008883D1 /* Debug */,
				B81D266E1C62724A008883D1 /* Release */,
			);
			defaultConfigurationIsVisible = 0;
			defaultConfigurationName = Release;
		};
		B87570541C3573D200256D82 /* Build configuration list for PBXNativeTarget "YouTubeTests" */ = {
			isa = XCConfigurationList;
			buildConfigurations = (
				B87570551C3573D200256D82 /* Debug */,
				B87570561C3573D200256D82 /* Release */,
			);
			defaultConfigurationIsVisible = 0;
			defaultConfigurationName = Release;
		};
/* End XCConfigurationList section */

/* Begin XCVersionGroup section */
		B8499F491C3AEB27003A907E /* Youtube.xcdatamodeld */ = {
			isa = XCVersionGroup;
			children = (
				B8499F4A1C3AEB27003A907E /* Youtube.xcdatamodel */,
			);
			currentVersion = B8499F4A1C3AEB27003A907E /* Youtube.xcdatamodel */;
			path = Youtube.xcdatamodeld;
			sourceTree = "<group>";
			versionGroupType = wrapper.xcdatamodel;
		};
/* End XCVersionGroup section */
	};
	rootObject = B81AF4361C32BD98001C6932 /* Project object */;
}
