// !$*UTF8*$!
{
	archiveVersion = 1;
	classes = {
	};
	objectVersion = 46;
	objects = {

/* Begin PBXBuildFile section */
		B81AF4421C32BD99001C6932 /* AppDelegate.swift in Sources */ = {isa = PBXBuildFile; fileRef = B81AF4411C32BD99001C6932 /* AppDelegate.swift */; };
		B81AF4441C32BD99001C6932 /* ViewController.swift in Sources */ = {isa = PBXBuildFile; fileRef = B81AF4431C32BD99001C6932 /* ViewController.swift */; };
		B81AF4471C32BD9A001C6932 /* Main.storyboard in Resources */ = {isa = PBXBuildFile; fileRef = B81AF4451C32BD9A001C6932 /* Main.storyboard */; };
		B81AF4491C32BD9A001C6932 /* Assets.xcassets in Resources */ = {isa = PBXBuildFile; fileRef = B81AF4481C32BD9A001C6932 /* Assets.xcassets */; };
		B81AF44C1C32BD9A001C6932 /* LaunchScreen.storyboard in Resources */ = {isa = PBXBuildFile; fileRef = B81AF44A1C32BD9A001C6932 /* LaunchScreen.storyboard */; };
/* End PBXBuildFile section */

/* Begin PBXFileReference section */
		B81AF43E1C32BD98001C6932 /* YouTube.app */ = {isa = PBXFileReference; explicitFileType = wrapper.application; includeInIndex = 0; path = YouTube.app; sourceTree = BUILT_PRODUCTS_DIR; };
		B81AF4411C32BD99001C6932 /* AppDelegate.swift */ = {isa = PBXFileReference; lastKnownFileType = sourcecode.swift; path = AppDelegate.swift; sourceTree = "<group>"; };
		B81AF4431C32BD99001C6932 /* ViewController.swift */ = {isa = PBXFileReference; lastKnownFileType = sourcecode.swift; path = ViewController.swift; sourceTree = "<group>"; };
		B81AF4461C32BD9A001C6932 /* Base */ = {isa = PBXFileReference; lastKnownFileType = file.storyboard; name = Base; path = Base.lproj/Main.storyboard; sourceTree = "<group>"; };
		B81AF4481C32BD9A001C6932 /* Assets.xcassets */ = {isa = PBXFileReference; lastKnownFileType = folder.assetcatalog; path = Assets.xcassets; sourceTree = "<group>"; };
		B81AF44B1C32BD9A001C6932 /* Base */ = {isa = PBXFileReference; lastKnownFileType = file.storyboard; name = Base; path = Base.lproj/LaunchScreen.storyboard; sourceTree = "<group>"; };
		B81AF44D1C32BD9A001C6932 /* Info.plist */ = {isa = PBXFileReference; lastKnownFileType = text.plist.xml; path = Info.plist; sourceTree = "<group>"; };
/* End PBXFileReference section */

/* Begin PBXFrameworksBuildPhase section */
		B81AF43B1C32BD98001C6932 /* Frameworks */ = {
			isa = PBXFrameworksBuildPhase;
			buildActionMask = 2147483647;
			files = (
			);
			runOnlyForDeploymentPostprocessing = 0;
		};
/* End PBXFrameworksBuildPhase section */

/* Begin PBXGroup section */
		B81AF4351C32BD98001C6932 = {
			isa = PBXGroup;
			children = (
				B81AF4401C32BD99001C6932 /* YouTube */,
				B81AF43F1C32BD98001C6932 /* Products */,
			);
			sourceTree = "<group>";
		};
		B81AF43F1C32BD98001C6932 /* Products */ = {
			isa = PBXGroup;
			children = (
				B81AF43E1C32BD98001C6932 /* YouTube.app */,
			);
			name = Products;
			sourceTree = "<group>";
		};
		B81AF4401C32BD99001C6932 /* YouTube */ = {
			isa = PBXGroup;
			children = (
				B81AF4411C32BD99001C6932 /* AppDelegate.swift */,
				B81AF4431C32BD99001C6932 /* ViewController.swift */,
				B81AF4451C32BD9A001C6932 /* Main.storyboard */,
				B81AF4481C32BD9A001C6932 /* Assets.xcassets */,
				B81AF44A1C32BD9A001C6932 /* LaunchScreen.storyboard */,
				B81AF44D1C32BD9A001C6932 /* Info.plist */,
			);
			path = YouTube;
			sourceTree = "<group>";
		};
/* End PBXGroup section */

/* Begin PBXNativeTarget section */
		B81AF43D1C32BD98001C6932 /* YouTube */ = {
			isa = PBXNativeTarget;
			buildConfigurationList = B81AF4501C32BD9A001C6932 /* Build configuration list for PBXNativeTarget "YouTube" */;
			buildPhases = (
				B81AF43A1C32BD98001C6932 /* Sources */,
				B81AF43B1C32BD98001C6932 /* Frameworks */,
				B81AF43C1C32BD98001C6932 /* Resources */,
			);
			buildRules = (
			);
			dependencies = (
			);
			name = YouTube;
			productName = YouTube;
			productReference = B81AF43E1C32BD98001C6932 /* YouTube.app */;
			productType = "com.apple.product-type.application";
		};
/* End PBXNativeTarget section */

/* Begin PBXProject section */
		B81AF4361C32BD98001C6932 /* Project object */ = {
			isa = PBXProject;
			attributes = {
				LastSwiftUpdateCheck = 0720;
				LastUpgradeCheck = 0720;
				ORGANIZATIONNAME = Starfly;
				TargetAttributes = {
					B81AF43D1C32BD98001C6932 = {
						CreatedOnToolsVersion = 7.2;
					};
				};
			};
			buildConfigurationList = B81AF4391C32BD98001C6932 /* Build configuration list for PBXProject "YouTube" */;
			compatibilityVersion = "Xcode 3.2";
			developmentRegion = English;
			hasScannedForEncodings = 0;
			knownRegions = (
				en,
				Base,
			);
			mainGroup = B81AF4351C32BD98001C6932;
			productRefGroup = B81AF43F1C32BD98001C6932 /* Products */;
			projectDirPath = "";
			projectRoot = "";
			targets = (
				B81AF43D1C32BD98001C6932 /* YouTube */,
			);
		};
/* End PBXProject section */

/* Begin PBXResourcesBuildPhase section */
		B81AF43C1C32BD98001C6932 /* Resources */ = {
			isa = PBXResourcesBuildPhase;
			buildActionMask = 2147483647;
			files = (
				B81AF44C1C32BD9A001C6932 /* LaunchScreen.storyboard in Resources */,
				B81AF4491C32BD9A001C6932 /* Assets.xcassets in Resources */,
				B81AF4471C32BD9A001C6932 /* Main.storyboard in Resources */,
			);
			runOnlyForDeploymentPostprocessing = 0;
		};
/* End PBXResourcesBuildPhase section */

/* Begin PBXSourcesBuildPhase section */
		B81AF43A1C32BD98001C6932 /* Sources */ = {
			isa = PBXSourcesBuildPhase;
			buildActionMask = 2147483647;
			files = (
				B81AF4441C32BD99001C6932 /* ViewController.swift in Sources */,
				B81AF4421C32BD99001C6932 /* AppDelegate.swift in Sources */,
			);
			runOnlyForDeploymentPostprocessing = 0;
		};
/* End PBXSourcesBuildPhase section */

/* Begin PBXVariantGroup section */
		B81AF4451C32BD9A001C6932 /* Main.storyboard */ = {
			isa = PBXVariantGroup;
			children = (
				B81AF4461C32BD9A001C6932 /* Base */,
			);
			name = Main.storyboard;
			sourceTree = "<group>";
		};
		B81AF44A1C32BD9A001C6932 /* LaunchScreen.storyboard */ = {
			isa = PBXVariantGroup;
			children = (
				B81AF44B1C32BD9A001C6932 /* Base */,
			);
			name = LaunchScreen.storyboard;
			sourceTree = "<group>";
		};
/* End PBXVariantGroup section */

/* Begin XCBuildConfiguration section */
		B81AF44E1C32BD9A001C6932 /* Debug */ = {
			isa = XCBuildConfiguration;
			buildSettings = {
				ALWAYS_SEARCH_USER_PATHS = NO;
				CLANG_CXX_LANGUAGE_STANDARD = "gnu++0x";
				CLANG_CXX_LIBRARY = "libc++";
				CLANG_ENABLE_MODULES = YES;
				CLANG_ENABLE_OBJC_ARC = YES;
				CLANG_WARN_BOOL_CONVERSION = YES;
				CLANG_WARN_CONSTANT_CONVERSION = YES;
				CLANG_WARN_DIRECT_OBJC_ISA_USAGE = YES_ERROR;
				CLANG_WARN_EMPTY_BODY = YES;
				CLANG_WARN_ENUM_CONVERSION = YES;
				CLANG_WARN_INT_CONVERSION = YES;
				CLANG_WARN_OBJC_ROOT_CLASS = YES_ERROR;
				CLANG_WARN_UNREACHABLE_CODE = YES;
				CLANG_WARN__DUPLICATE_METHOD_MATCH = YES;
				"CODE_SIGN_IDENTITY[sdk=iphoneos*]" = "iPhone Developer";
				COPY_PHASE_STRIP = NO;
				DEBUG_INFORMATION_FORMAT = dwarf;
				ENABLE_STRICT_OBJC_MSGSEND = YES;
				ENABLE_TESTABILITY = YES;
				GCC_C_LANGUAGE_STANDARD = gnu99;
				GCC_DYNAMIC_NO_PIC = NO;
				GCC_NO_COMMON_BLOCKS = YES;
				GCC_OPTIMIZATION_LEVEL = 0;
				GCC_PREPROCESSOR_DEFINITIONS = (
					"DEBUG=1",
					"$(inherited)",
				);
				GCC_WARN_64_TO_32_BIT_CONVERSION = YES;
				GCC_WARN_ABOUT_RETURN_TYPE = YES_ERROR;
				GCC_WARN_UNDECLARED_SELECTOR = YES;
				GCC_WARN_UNINITIALIZED_AUTOS = YES_AGGRESSIVE;
				GCC_WARN_UNUSED_FUNCTION = YES;
				GCC_WARN_UNUSED_VARIABLE = YES;
				IPHONEOS_DEPLOYMENT_TARGET = 9.2;
				MTL_ENABLE_DEBUG_INFO = YES;
				ONLY_ACTIVE_ARCH = YES;
				SDKROOT = iphoneos;
				SWIFT_OPTIMIZATION_LEVEL = "-Onone";
				TARGETED_DEVICE_FAMILY = 2;
			};
			name = Debug;
		};
		B81AF44F1C32BD9A001C6932 /* Release */ = {
			isa = XCBuildConfiguration;
			buildSettings = {
				ALWAYS_SEARCH_USER_PATHS = NO;
				CLANG_CXX_LANGUAGE_STANDARD = "gnu++0x";
				CLANG_CXX_LIBRARY = "libc++";
				CLANG_ENABLE_MODULES = YES;
				CLANG_ENABLE_OBJC_ARC = YES;
				CLANG_WARN_BOOL_CONVERSION = YES;
				CLANG_WARN_CONSTANT_CONVERSION = YES;
				CLANG_WARN_DIRECT_OBJC_ISA_USAGE = YES_ERROR;
				CLANG_WARN_EMPTY_BODY = YES;
				CLANG_WARN_ENUM_CONVERSION = YES;
				CLANG_WARN_INT_CONVERSION = YES;
				CLANG_WARN_OBJC_ROOT_CLASS = YES_ERROR;
				CLANG_WARN_UNREACHABLE_CODE = YES;
				CLANG_WARN__DUPLICATE_METHOD_MATCH = YES;
				"CODE_SIGN_IDENTITY[sdk=iphoneos*]" = "iPhone Developer";
				COPY_PHASE_STRIP = NO;
				DEBUG_INFORMATION_FORMAT = "dwarf-with-dsym";
				ENABLE_NS_ASSERTIONS = NO;
				ENABLE_STRICT_OBJC_MSGSEND = YES;
				GCC_C_LANGUAGE_STANDARD = gnu99;
				GCC_NO_COMMON_BLOCKS = YES;
				GCC_WARN_64_TO_32_BIT_CONVERSION = YES;
				GCC_WARN_ABOUT_RETURN_TYPE = YES_ERROR;
				GCC_WARN_UNDECLARED_SELECTOR = YES;
				GCC_WARN_UNINITIALIZED_AUTOS = YES_AGGRESSIVE;
				GCC_WARN_UNUSED_FUNCTION = YES;
				GCC_WARN_UNUSED_VARIABLE = YES;
				IPHONEOS_DEPLOYMENT_TARGET = 9.2;
				MTL_ENABLE_DEBUG_INFO = NO;
				SDKROOT = iphoneos;
				TARGETED_DEVICE_FAMILY = 2;
				VALIDATE_PRODUCT = YES;
			};
			name = Release;
		};
		B81AF4511C32BD9A001C6932 /* Debug */ = {
			isa = XCBuildConfiguration;
			buildSettings = {
				ASSETCATALOG_COMPILER_APPICON_NAME = AppIcon;
				INFOPLIST_FILE = YouTube/Info.plist;
				LD_RUNPATH_SEARCH_PATHS = "$(inherited) @executable_path/Frameworks";
				PRODUCT_BUNDLE_IDENTIFIER = com.artursderkintis.YouTube;
				PRODUCT_NAME = "$(TARGET_NAME)";
			};
			name = Debug;
		};
		B81AF4521C32BD9A001C6932 /* Release */ = {
			isa = XCBuildConfiguration;
			buildSettings = {
				ASSETCATALOG_COMPILER_APPICON_NAME = AppIcon;
				INFOPLIST_FILE = YouTube/Info.plist;
				LD_RUNPATH_SEARCH_PATHS = "$(inherited) @executable_path/Frameworks";
				PRODUCT_BUNDLE_IDENTIFIER = com.artursderkintis.YouTube;
				PRODUCT_NAME = "$(TARGET_NAME)";
			};
			name = Release;
		};
/* End XCBuildConfiguration section */

/* Begin XCConfigurationList section */
		B81AF4391C32BD98001C6932 /* Build configuration list for PBXProject "YouTube" */ = {
			isa = XCConfigurationList;
			buildConfigurations = (
				B81AF44E1C32BD9A001C6932 /* Debug */,
				B81AF44F1C32BD9A001C6932 /* Release */,
			);
			defaultConfigurationIsVisible = 0;
			defaultConfigurationName = Release;
		};
		B81AF4501C32BD9A001C6932 /* Build configuration list for PBXNativeTarget "YouTube" */ = {
			isa = XCConfigurationList;
			buildConfigurations = (
				B81AF4511C32BD9A001C6932 /* Debug */,
				B81AF4521C32BD9A001C6932 /* Release */,
			);
			defaultConfigurationIsVisible = 0;
		};
/* End XCConfigurationList section */
	};
	rootObject = B81AF4361C32BD98001C6932 /* Project object */;
}
